
Microsoft Visual Studio Solution File, Format Version 12.00
# Visual Studio Version 17
VisualStudioVersion = 17.4.33213.308
MinimumVisualStudioVersion = 10.0.40219.1
Project("{FAE04EC0-301F-11D3-BF4B-00C04F79EFBC}") = "Air Hockey", "Air Hockey\Air Hockey.csproj", "{A14DE9DF-1871-4155-97BA-42EA6BA8FC89}"
EndProject
Global
	GlobalSection(SolutionConfigurationPlatforms) = preSolution
		Debug|Any CPU = Debug|Any CPU
		Release|Any CPU = Release|Any CPU
	EndGlobalSection
	GlobalSection(ProjectConfigurationPlatforms) = postSolution
		{A14DE9DF-1871-4155-97BA-42EA6BA8FC89}.Debug|Any CPU.ActiveCfg = Debug|Any CPU
		{A14DE9DF-1871-4155-97BA-42EA6BA8FC89}.Debug|Any CPU.Build.0 = Debug|Any CPU
		{A14DE9DF-1871-4155-97BA-42EA6BA8FC89}.Release|Any CPU.ActiveCfg = Release|Any CPU
		{A14DE9DF-1871-4155-97BA-42EA6BA8FC89}.Release|Any CPU.Build.0 = Release|Any CPU
	EndGlobalSection
	GlobalSection(SolutionProperties) = preSolution
		HideSolutionNode = FALSE
	EndGlobalSection
	GlobalSection(ExtensibilityGlobals) = postSolution
		SolutionGuid = {FACCECAF-FDE6-44F1-9D3B-7152A43D4FEB}
	EndGlobalSection
EndGlobal
